
Microsoft Visual Studio Solution File, Format Version 12.00
# Visual Studio 14
VisualStudioVersion = 14.0.25420.1
MinimumVisualStudioVersion = 10.0.40219.1
Project("{FAE04EC0-301F-11D3-BF4B-00C04F79EFBC}") = "ClassLibrary1", "ClassLibrary1\ClassLibrary1.csproj", "{4097E015-8C45-45B1-88CE-FDE202A70AFB}"
EndProject
Project("{FAE04EC0-301F-11D3-BF4B-00C04F79EFBC}") = "Exo5", "Exo5\Exo5.csproj", "{296AF21F-875B-4E5F-A750-958C6F30400A}"
EndProject
Project("{FAE04EC0-301F-11D3-BF4B-00C04F79EFBC}") = "Exo6", "Exo6\Exo6.csproj", "{87EE125D-1A9C-4367-B93B-D14CC41A5B19}"
EndProject
Project("{FAE04EC0-301F-11D3-BF4B-00C04F79EFBC}") = "Exo7", "Exo7\Exo7.csproj", "{F4106186-AE82-4B89-8AF2-CFBF1C3B491E}"
EndProject
Project("{FAE04EC0-301F-11D3-BF4B-00C04F79EFBC}") = "structures", "facrures\structures.csproj", "{C622914F-566B-47EF-B06D-9AA068B50B1E}"
EndProject
Project("{FAE04EC0-301F-11D3-BF4B-00C04F79EFBC}") = "Exo8", "Exo8\Exo8.csproj", "{133D5E45-655E-45D0-B934-2A48FF1FB016}"
EndProject
Project("{FAE04EC0-301F-11D3-BF4B-00C04F79EFBC}") = "Cahier3", "Cahier3\Cahier3.csproj", "{6F3FE579-79CB-4C24-A77B-8AD5F531ED8B}"
EndProject
Global
	GlobalSection(SolutionConfigurationPlatforms) = preSolution
		Debug|Any CPU = Debug|Any CPU
		Release|Any CPU = Release|Any CPU
	EndGlobalSection
	GlobalSection(ProjectConfigurationPlatforms) = postSolution
		{4097E015-8C45-45B1-88CE-FDE202A70AFB}.Debug|Any CPU.ActiveCfg = Debug|Any CPU
		{4097E015-8C45-45B1-88CE-FDE202A70AFB}.Debug|Any CPU.Build.0 = Debug|Any CPU
		{4097E015-8C45-45B1-88CE-FDE202A70AFB}.Release|Any CPU.ActiveCfg = Release|Any CPU
		{4097E015-8C45-45B1-88CE-FDE202A70AFB}.Release|Any CPU.Build.0 = Release|Any CPU
		{296AF21F-875B-4E5F-A750-958C6F30400A}.Debug|Any CPU.ActiveCfg = Debug|Any CPU
		{296AF21F-875B-4E5F-A750-958C6F30400A}.Debug|Any CPU.Build.0 = Debug|Any CPU
		{296AF21F-875B-4E5F-A750-958C6F30400A}.Release|Any CPU.ActiveCfg = Release|Any CPU
		{296AF21F-875B-4E5F-A750-958C6F30400A}.Release|Any CPU.Build.0 = Release|Any CPU
		{87EE125D-1A9C-4367-B93B-D14CC41A5B19}.Debug|Any CPU.ActiveCfg = Debug|Any CPU
		{87EE125D-1A9C-4367-B93B-D14CC41A5B19}.Debug|Any CPU.Build.0 = Debug|Any CPU
		{87EE125D-1A9C-4367-B93B-D14CC41A5B19}.Release|Any CPU.ActiveCfg = Release|Any CPU
		{87EE125D-1A9C-4367-B93B-D14CC41A5B19}.Release|Any CPU.Build.0 = Release|Any CPU
		{F4106186-AE82-4B89-8AF2-CFBF1C3B491E}.Debug|Any CPU.ActiveCfg = Debug|Any CPU
		{F4106186-AE82-4B89-8AF2-CFBF1C3B491E}.Debug|Any CPU.Build.0 = Debug|Any CPU
		{F4106186-AE82-4B89-8AF2-CFBF1C3B491E}.Release|Any CPU.ActiveCfg = Release|Any CPU
		{F4106186-AE82-4B89-8AF2-CFBF1C3B491E}.Release|Any CPU.Build.0 = Release|Any CPU
		{C622914F-566B-47EF-B06D-9AA068B50B1E}.Debug|Any CPU.ActiveCfg = Debug|Any CPU
		{C622914F-566B-47EF-B06D-9AA068B50B1E}.Debug|Any CPU.Build.0 = Debug|Any CPU
		{C622914F-566B-47EF-B06D-9AA068B50B1E}.Release|Any CPU.ActiveCfg = Release|Any CPU
		{C622914F-566B-47EF-B06D-9AA068B50B1E}.Release|Any CPU.Build.0 = Release|Any CPU
		{133D5E45-655E-45D0-B934-2A48FF1FB016}.Debug|Any CPU.ActiveCfg = Debug|Any CPU
		{133D5E45-655E-45D0-B934-2A48FF1FB016}.Debug|Any CPU.Build.0 = Debug|Any CPU
		{133D5E45-655E-45D0-B934-2A48FF1FB016}.Release|Any CPU.ActiveCfg = Release|Any CPU
		{133D5E45-655E-45D0-B934-2A48FF1FB016}.Release|Any CPU.Build.0 = Release|Any CPU
		{6F3FE579-79CB-4C24-A77B-8AD5F531ED8B}.Debug|Any CPU.ActiveCfg = Debug|Any CPU
		{6F3FE579-79CB-4C24-A77B-8AD5F531ED8B}.Debug|Any CPU.Build.0 = Debug|Any CPU
		{6F3FE579-79CB-4C24-A77B-8AD5F531ED8B}.Release|Any CPU.ActiveCfg = Release|Any CPU
		{6F3FE579-79CB-4C24-A77B-8AD5F531ED8B}.Release|Any CPU.Build.0 = Release|Any CPU
	EndGlobalSection
	GlobalSection(SolutionProperties) = preSolution
		HideSolutionNode = FALSE
	EndGlobalSection
EndGlobal
